
Microsoft Visual Studio Solution File, Format Version 12.00
# Visual Studio 14
VisualStudioVersion = 14.0.25420.1
MinimumVisualStudioVersion = 10.0.40219.1
Project("{FAE04EC0-301F-11D3-BF4B-00C04F79EFBC}") = "WP-Project", "WP-Project\WP-Project.csproj", "{82C7D13E-7EA1-41BD-9BB9-1C61F214686C}"
EndProject
Project("{FAE04EC0-301F-11D3-BF4B-00C04F79EFBC}") = "WP-ProjectTests", "WP-ProjectTests\WP-ProjectTests.csproj", "{4E9C5944-3D50-4753-BC45-BEE8BBAB07D5}"
EndProject
Global
	GlobalSection(SolutionConfigurationPlatforms) = preSolution
		Debug|Any CPU = Debug|Any CPU
		Release|Any CPU = Release|Any CPU
	EndGlobalSection
	GlobalSection(ProjectConfigurationPlatforms) = postSolution
		{82C7D13E-7EA1-41BD-9BB9-1C61F214686C}.Debug|Any CPU.ActiveCfg = Debug|Any CPU
		{82C7D13E-7EA1-41BD-9BB9-1C61F214686C}.Debug|Any CPU.Build.0 = Debug|Any CPU
		{82C7D13E-7EA1-41BD-9BB9-1C61F214686C}.Release|Any CPU.ActiveCfg = Release|Any CPU
		{82C7D13E-7EA1-41BD-9BB9-1C61F214686C}.Release|Any CPU.Build.0 = Release|Any CPU
		{4E9C5944-3D50-4753-BC45-BEE8BBAB07D5}.Debug|Any CPU.ActiveCfg = Debug|Any CPU
		{4E9C5944-3D50-4753-BC45-BEE8BBAB07D5}.Debug|Any CPU.Build.0 = Debug|Any CPU
		{4E9C5944-3D50-4753-BC45-BEE8BBAB07D5}.Release|Any CPU.ActiveCfg = Release|Any CPU
		{4E9C5944-3D50-4753-BC45-BEE8BBAB07D5}.Release|Any CPU.Build.0 = Release|Any CPU
	EndGlobalSection
	GlobalSection(SolutionProperties) = preSolution
		HideSolutionNode = FALSE
	EndGlobalSection
EndGlobal
